Microsoft Visual Studio Solution File, Format Version 12.00
# Visual Studio Version 17
Project("{2150E333-8FDC-42A3-9474-1A3956D46DE8}") = "src", "src", "{6CB6B287-7D72-4EB1-AA2E-2CC326A2535F}"
EndProject
Project("{2150E333-8FDC-42A3-9474-1A3956D46DE8}") = "tests", "tests", "{9B69AA18-5827-494B-815C-7FC41C4FB052}"
EndProject
Project("{9A19103F-16F7-4668-BE54-9A1E7A4F7556}") = "Zuil.Core", "src\Zuil.Core\Zuil.Core.csproj", "{1E9D66D2-6657-4533-B42F-DA01B36C4F6D}"
EndProject
Project("{9A19103F-16F7-4668-BE54-9A1E7A4F7556}") = "Zuil.Graph", "src\Zuil.Graph\Zuil.Graph.csproj", "{59401056-1C67-40E3-B164-2E23487B53C3}"
EndProject
Project("{9A19103F-16F7-4668-BE54-9A1E7A4F7556}") = "Zuil.Storage", "src\Zuil.Storage\Zuil.Storage.csproj", "{D5E56B8A-2A74-4BF5-BDDC-DA16B0DFCAA8}"
EndProject
Project("{9A19103F-16F7-4668-BE54-9A1E7A4F7556}") = "Zuil.Device", "src\Zuil.Device\Zuil.Device.csproj", "{0A8B07C6-FA59-4D4F-9F4C-71C1B3BF1A04}"
EndProject
Project("{9A19103F-16F7-4668-BE54-9A1E7A4F7556}") = "Zuil.Host", "src\Zuil.Host\Zuil.Host.csproj", "{75D720CF-FC5D-437C-AE56-576B5D987E40}"
EndProject
Project("{9A19103F-16F7-4668-BE54-9A1E7A4F7556}") = "Zuil.Core.Tests", "tests\Zuil.Core.Tests\Zuil.Core.Tests.csproj", "{EE49630F-57AA-40CC-AFEB-B8FD6757DAEF}"
EndProject
Project("{9A19103F-16F7-4668-BE54-9A1E7A4F7556}") = "Zuil.Graph.Tests", "tests\Zuil.Graph.Tests\Zuil.Graph.Tests.csproj", "{62550DA1-238F-4CCD-8B3D-E9DF7BC9DFDF}"
EndProject
Project("{9A19103F-16F7-4668-BE54-9A1E7A4F7556}") = "Zuil.Storage.Tests", "tests\Zuil.Storage.Tests\Zuil.Storage.Tests.csproj", "{DB8C7C63-80CB-4A7F-AFD9-7FA53666A994}"
EndProject
Project("{9A19103F-16F7-4668-BE54-9A1E7A4F7556}") = "Zuil.Device.Tests", "tests\Zuil.Device.Tests\Zuil.Device.Tests.csproj", "{D51261F7-2D4F-4FD3-BC5D-D30EF84840DD}"
EndProject
Global
	GlobalSection(SolutionConfigurationPlatforms) = preSolution
		Debug|Any CPU = Debug|Any CPU
		Release|Any CPU = Release|Any CPU
	EndGlobalSection
	GlobalSection(ProjectConfigurationPlatforms) = postSolution
		{1E9D66D2-6657-4533-B42F-DA01B36C4F6D}.Debug|Any CPU.ActiveCfg = Debug|Any CPU
		{1E9D66D2-6657-4533-B42F-DA01B36C4F6D}.Debug|Any CPU.Build.0 = Debug|Any CPU
		{1E9D66D2-6657-4533-B42F-DA01B36C4F6D}.Release|Any CPU.ActiveCfg = Release|Any CPU
		{1E9D66D2-6657-4533-B42F-DA01B36C4F6D}.Release|Any CPU.Build.0 = Release|Any CPU
		{59401056-1C67-40E3-B164-2E23487B53C3}.Debug|Any CPU.ActiveCfg = Debug|Any CPU
		{59401056-1C67-40E3-B164-2E23487B53C3}.Debug|Any CPU.Build.0 = Debug|Any CPU
		{59401056-1C67-40E3-B164-2E23487B53C3}.Release|Any CPU.ActiveCfg = Release|Any CPU
		{59401056-1C67-40E3-B164-2E23487B53C3}.Release|Any CPU.Build.0 = Release|Any CPU
		{D5E56B8A-2A74-4BF5-BDDC-DA16B0DFCAA8}.Debug|Any CPU.ActiveCfg = Debug|Any CPU
		{D5E56B8A-2A74-4BF5-BDDC-DA16B0DFCAA8}.Debug|Any CPU.Build.0 = Debug|Any CPU
		{D5E56B8A-2A74-4BF5-BDDC-DA16B0DFCAA8}.Release|Any CPU.ActiveCfg = Release|Any CPU
		{D5E56B8A-2A74-4BF5-BDDC-DA16B0DFCAA8}.Release|Any CPU.Build.0 = Release|Any CPU
		{0A8B07C6-FA59-4D4F-9F4C-71C1B3BF1A04}.Debug|Any CPU.ActiveCfg = Debug|Any CPU
		{0A8B07C6-FA59-4D4F-9F4C-71C1B3BF1A04}.Debug|Any CPU.Build.0 = Debug|Any CPU
		{0A8B07C6-FA59-4D4F-9F4C-71C1B3BF1A04}.Release|Any CPU.ActiveCfg = Release|Any CPU
		{0A8B07C6-FA59-4D4F-9F4C-71C1B3BF1A04}.Release|Any CPU.Build.0 = Release|Any CPU
		{75D720CF-FC5D-437C-AE56-576B5D987E40}.Debug|Any CPU.ActiveCfg = Debug|Any CPU
		{75D720CF-FC5D-437C-AE56-576B5D987E40}.Debug|Any CPU.Build.0 = Debug|Any CPU
		{75D720CF-FC5D-437C-AE56-576B5D987E40}.Release|Any CPU.ActiveCfg = Release|Any CPU
		{75D720CF-FC5D-437C-AE56-576B5D987E40}.Release|Any CPU.Build.0 = Release|Any CPU
		{EE49630F-57AA-40CC-AFEB-B8FD6757DAEF}.Debug|Any CPU.ActiveCfg = Debug|Any CPU
		{EE49630F-57AA-40CC-AFEB-B8FD6757DAEF}.Debug|Any CPU.Build.0 = Debug|Any CPU
		{EE49630F-57AA-40CC-AFEB-B8FD6757DAEF}.Release|Any CPU.ActiveCfg = Release|Any CPU
		{EE49630F-57AA-40CC-AFEB-B8FD6757DAEF}.Release|Any CPU.Build.0 = Release|Any CPU
		{62550DA1-238F-4CCD-8B3D-E9DF7BC9DFDF}.Debug|Any CPU.ActiveCfg = Debug|Any CPU
		{62550DA1-238F-4CCD-8B3D-E9DF7BC9DFDF}.Debug|Any CPU.Build.0 = Debug|Any CPU
		{62550DA1-238F-4CCD-8B3D-E9DF7BC9DFDF}.Release|Any CPU.ActiveCfg = Release|Any CPU
		{62550DA1-238F-4CCD-8B3D-E9DF7BC9DFDF}.Release|Any CPU.Build.0 = Release|Any CPU
		{DB8C7C63-80CB-4A7F-AFD9-7FA53666A994}.Debug|Any CPU.ActiveCfg = Debug|Any CPU
		{DB8C7C63-80CB-4A7F-AFD9-7FA53666A994}.Debug|Any CPU.Build.0 = Debug|Any CPU
		{DB8C7C63-80CB-4A7F-AFD9-7FA53666A994}.Release|Any CPU.ActiveCfg = Release|Any CPU
		{DB8C7C63-80CB-4A7F-AFD9-7FA53666A994}.Release|Any CPU.Build.0 = Release|Any CPU
		{D51261F7-2D4F-4FD3-BC5D-D30EF84840DD}.Debug|Any CPU.ActiveCfg = Debug|Any CPU
		{D51261F7-2D4F-4FD3-BC5D-D30EF84840DD}.Debug|Any CPU.Build.0 = Debug|Any CPU
		{D51261F7-2D4F-4FD3-BC5D-D30EF84840DD}.Release|Any CPU.ActiveCfg = Release|Any CPU
		{D51261F7-2D4F-4FD3-BC5D-D30EF84840DD}.Release|Any CPU.Build.0 = Release|Any CPU
	EndGlobalSection
	GlobalSection(NestedProjects) = preSolution
		{1E9D66D2-6657-4533-B42F-DA01B36C4F6D} = {6CB6B287-7D72-4EB1-AA2E-2CC326A2535F}
		{59401056-1C67-40E3-B164-2E23487B53C3} = {6CB6B287-7D72-4EB1-AA2E-2CC326A2535F}
		{D5E56B8A-2A74-4BF5-BDDC-DA16B0DFCAA8} = {6CB6B287-7D72-4EB1-AA2E-2CC326A2535F}
		{0A8B07C6-FA59-4D4F-9F4C-71C1B3BF1A04} = {6CB6B287-7D72-4EB1-AA2E-2CC326A2535F}
		{75D720CF-FC5D-437C-AE56-576B5D987E40} = {6CB6B287-7D72-4EB1-AA2E-2CC326A2535F}
		{EE49630F-57AA-40CC-AFEB-B8FD6757DAEF} = {9B69AA18-5827-494B-815C-7FC41C4FB052}
		{62550DA1-238F-4CCD-8B3D-E9DF7BC9DFDF} = {9B69AA18-5827-494B-815C-7FC41C4FB052}
		{DB8C7C63-80CB-4A7F-AFD9-7FA53666A994} = {9B69AA18-5827-494B-815C-7FC41C4FB052}
		{D51261F7-2D4F-4FD3-BC5D-D30EF84840DD} = {9B69AA18-5827-494B-815C-7FC41C4FB052}
	EndGlobalSection
EndGlobal
